
Microsoft Visual Studio Solution File, Format Version 12.00
# Visual Studio 15
VisualStudioVersion = 15.0.27130.2026
MinimumVisualStudioVersion = 10.0.40219.1
Project("{FAE04EC0-301F-11D3-BF4B-00C04F79EFBC}") = "petralona.iOS", "petralona\petralona.iOS\petralona.iOS.csproj", "{73DB396B-6FA9-4395-8ACA-A42628989FBC}"
EndProject
Project("{FAE04EC0-301F-11D3-BF4B-00C04F79EFBC}") = "petralona.UWP", "petralona\petralona.UWP\petralona.UWP.csproj", "{07485D64-75B5-49D8-97B4-E416B1DDD73F}"
EndProject
Project("{FAE04EC0-301F-11D3-BF4B-00C04F79EFBC}") = "petralona", "petralona\petralona\petralona.csproj", "{F189F088-82BD-4BE9-B4DE-401993FD1D57}"
EndProject
Global
	GlobalSection(SolutionConfigurationPlatforms) = preSolution
		Ad-Hoc|Any CPU = Ad-Hoc|Any CPU
		Ad-Hoc|ARM = Ad-Hoc|ARM
		Ad-Hoc|iPhone = Ad-Hoc|iPhone
		Ad-Hoc|iPhoneSimulator = Ad-Hoc|iPhoneSimulator
		Ad-Hoc|x64 = Ad-Hoc|x64
		Ad-Hoc|x86 = Ad-Hoc|x86
		AppStore|Any CPU = AppStore|Any CPU
		AppStore|ARM = AppStore|ARM
		AppStore|iPhone = AppStore|iPhone
		AppStore|iPhoneSimulator = AppStore|iPhoneSimulator
		AppStore|x64 = AppStore|x64
		AppStore|x86 = AppStore|x86
		Debug|Any CPU = Debug|Any CPU
		Debug|ARM = Debug|ARM
		Debug|iPhone = Debug|iPhone
		Debug|iPhoneSimulator = Debug|iPhoneSimulator
		Debug|x64 = Debug|x64
		Debug|x86 = Debug|x86
		Release|Any CPU = Release|Any CPU
		Release|ARM = Release|ARM
		Release|iPhone = Release|iPhone
		Release|iPhoneSimulator = Release|iPhoneSimulator
		Release|x64 = Release|x64
		Release|x86 = Release|x86
	EndGlobalSection
	GlobalSection(ProjectConfigurationPlatforms) = postSolution
		{73DB396B-6FA9-4395-8ACA-A42628989FBC}.Ad-Hoc|Any CPU.ActiveCfg = Ad-Hoc|iPhone
		{73DB396B-6FA9-4395-8ACA-A42628989FBC}.Ad-Hoc|ARM.ActiveCfg = Ad-Hoc|iPhone
		{73DB396B-6FA9-4395-8ACA-A42628989FBC}.Ad-Hoc|iPhone.ActiveCfg = Ad-Hoc|iPhone
		{73DB396B-6FA9-4395-8ACA-A42628989FBC}.Ad-Hoc|iPhone.Build.0 = Ad-Hoc|iPhone
		{73DB396B-6FA9-4395-8ACA-A42628989FBC}.Ad-Hoc|iPhoneSimulator.ActiveCfg = Ad-Hoc|iPhoneSimulator
		{73DB396B-6FA9-4395-8ACA-A42628989FBC}.Ad-Hoc|iPhoneSimulator.Build.0 = Ad-Hoc|iPhoneSimulator
		{73DB396B-6FA9-4395-8ACA-A42628989FBC}.Ad-Hoc|x64.ActiveCfg = Ad-Hoc|iPhone
		{73DB396B-6FA9-4395-8ACA-A42628989FBC}.Ad-Hoc|x86.ActiveCfg = Ad-Hoc|iPhone
		{73DB396B-6FA9-4395-8ACA-A42628989FBC}.AppStore|Any CPU.ActiveCfg = AppStore|iPhone
		{73DB396B-6FA9-4395-8ACA-A42628989FBC}.AppStore|ARM.ActiveCfg = AppStore|iPhone
		{73DB396B-6FA9-4395-8ACA-A42628989FBC}.AppStore|iPhone.ActiveCfg = AppStore|iPhone
		{73DB396B-6FA9-4395-8ACA-A42628989FBC}.AppStore|iPhone.Build.0 = AppStore|iPhone
		{73DB396B-6FA9-4395-8ACA-A42628989FBC}.AppStore|iPhoneSimulator.ActiveCfg = AppStore|iPhoneSimulator
		{73DB396B-6FA9-4395-8ACA-A42628989FBC}.AppStore|iPhoneSimulator.Build.0 = AppStore|iPhoneSimulator
		{73DB396B-6FA9-4395-8ACA-A42628989FBC}.AppStore|x64.ActiveCfg = AppStore|iPhone
		{73DB396B-6FA9-4395-8ACA-A42628989FBC}.AppStore|x86.ActiveCfg = AppStore|iPhone
		{73DB396B-6FA9-4395-8ACA-A42628989FBC}.Debug|Any CPU.ActiveCfg = Debug|iPhone
		{73DB396B-6FA9-4395-8ACA-A42628989FBC}.Debug|ARM.ActiveCfg = Debug|iPhone
		{73DB396B-6FA9-4395-8ACA-A42628989FBC}.Debug|iPhone.ActiveCfg = Debug|iPhone
		{73DB396B-6FA9-4395-8ACA-A42628989FBC}.Debug|iPhone.Build.0 = Debug|iPhone
		{73DB396B-6FA9-4395-8ACA-A42628989FBC}.Debug|iPhoneSimulator.ActiveCfg = Debug|iPhoneSimulator
		{73DB396B-6FA9-4395-8ACA-A42628989FBC}.Debug|iPhoneSimulator.Build.0 = Debug|iPhoneSimulator
		{73DB396B-6FA9-4395-8ACA-A42628989FBC}.Debug|x64.ActiveCfg = Debug|iPhone
		{73DB396B-6FA9-4395-8ACA-A42628989FBC}.Debug|x86.ActiveCfg = Debug|iPhone
		{73DB396B-6FA9-4395-8ACA-A42628989FBC}.Release|Any CPU.ActiveCfg = Release|iPhone
		{73DB396B-6FA9-4395-8ACA-A42628989FBC}.Release|ARM.ActiveCfg = Release|iPhone
		{73DB396B-6FA9-4395-8ACA-A42628989FBC}.Release|iPhone.ActiveCfg = Release|iPhone
		{73DB396B-6FA9-4395-8ACA-A42628989FBC}.Release|iPhone.Build.0 = Release|iPhone
		{73DB396B-6FA9-4395-8ACA-A42628989FBC}.Release|iPhoneSimulator.ActiveCfg = Release|iPhoneSimulator
		{73DB396B-6FA9-4395-8ACA-A42628989FBC}.Release|iPhoneSimulator.Build.0 = Release|iPhoneSimulator
		{73DB396B-6FA9-4395-8ACA-A42628989FBC}.Release|x64.ActiveCfg = Release|iPhone
		{73DB396B-6FA9-4395-8ACA-A42628989FBC}.Release|x86.ActiveCfg = Release|iPhone
		{07485D64-75B5-49D8-97B4-E416B1DDD73F}.Ad-Hoc|Any CPU.ActiveCfg = Release|x86
		{07485D64-75B5-49D8-97B4-E416B1DDD73F}.Ad-Hoc|Any CPU.Build.0 = Release|x86
		{07485D64-75B5-49D8-97B4-E416B1DDD73F}.Ad-Hoc|Any CPU.Deploy.0 = Release|x86
		{07485D64-75B5-49D8-97B4-E416B1DDD73F}.Ad-Hoc|ARM.ActiveCfg = Release|ARM
		{07485D64-75B5-49D8-97B4-E416B1DDD73F}.Ad-Hoc|ARM.Build.0 = Release|ARM
		{07485D64-75B5-49D8-97B4-E416B1DDD73F}.Ad-Hoc|ARM.Deploy.0 = Release|ARM
		{07485D64-75B5-49D8-97B4-E416B1DDD73F}.Ad-Hoc|iPhone.ActiveCfg = Release|x86
		{07485D64-75B5-49D8-97B4-E416B1DDD73F}.Ad-Hoc|iPhone.Build.0 = Release|x86
		{07485D64-75B5-49D8-97B4-E416B1DDD73F}.Ad-Hoc|iPhone.Deploy.0 = Release|x86
		{07485D64-75B5-49D8-97B4-E416B1DDD73F}.Ad-Hoc|iPhoneSimulator.ActiveCfg = Release|x86
		{07485D64-75B5-49D8-97B4-E416B1DDD73F}.Ad-Hoc|iPhoneSimulator.Build.0 = Release|x86
		{07485D64-75B5-49D8-97B4-E416B1DDD73F}.Ad-Hoc|iPhoneSimulator.Deploy.0 = Release|x86
		{07485D64-75B5-49D8-97B4-E416B1DDD73F}.Ad-Hoc|x64.ActiveCfg = Release|x64
		{07485D64-75B5-49D8-97B4-E416B1DDD73F}.Ad-Hoc|x64.Build.0 = Release|x64
		{07485D64-75B5-49D8-97B4-E416B1DDD73F}.Ad-Hoc|x64.Deploy.0 = Release|x64
		{07485D64-75B5-49D8-97B4-E416B1DDD73F}.Ad-Hoc|x86.ActiveCfg = Release|x86
		{07485D64-75B5-49D8-97B4-E416B1DDD73F}.Ad-Hoc|x86.Build.0 = Release|x86
		{07485D64-75B5-49D8-97B4-E416B1DDD73F}.Ad-Hoc|x86.Deploy.0 = Release|x86
		{07485D64-75B5-49D8-97B4-E416B1DDD73F}.AppStore|Any CPU.ActiveCfg = Release|x86
		{07485D64-75B5-49D8-97B4-E416B1DDD73F}.AppStore|Any CPU.Build.0 = Release|x86
		{07485D64-75B5-49D8-97B4-E416B1DDD73F}.AppStore|Any CPU.Deploy.0 = Release|x86
		{07485D64-75B5-49D8-97B4-E416B1DDD73F}.AppStore|ARM.ActiveCfg = Release|ARM
		{07485D64-75B5-49D8-97B4-E416B1DDD73F}.AppStore|ARM.Build.0 = Release|ARM
		{07485D64-75B5-49D8-97B4-E416B1DDD73F}.AppStore|ARM.Deploy.0 = Release|ARM
		{07485D64-75B5-49D8-97B4-E416B1DDD73F}.AppStore|iPhone.ActiveCfg = Release|x86
		{07485D64-75B5-49D8-97B4-E416B1DDD73F}.AppStore|iPhone.Build.0 = Release|x86
		{07485D64-75B5-49D8-97B4-E416B1DDD73F}.AppStore|iPhone.Deploy.0 = Release|x86
		{07485D64-75B5-49D8-97B4-E416B1DDD73F}.AppStore|iPhoneSimulator.ActiveCfg = Release|x86
		{07485D64-75B5-49D8-97B4-E416B1DDD73F}.AppStore|iPhoneSimulator.Build.0 = Release|x86
		{07485D64-75B5-49D8-97B4-E416B1DDD73F}.AppStore|iPhoneSimulator.Deploy.0 = Release|x86
		{07485D64-75B5-49D8-97B4-E416B1DDD73F}.AppStore|x64.ActiveCfg = Release|x64
		{07485D64-75B5-49D8-97B4-E416B1DDD73F}.AppStore|x64.Build.0 = Release|x64
		{07485D64-75B5-49D8-97B4-E416B1DDD73F}.AppStore|x64.Deploy.0 = Release|x64
		{07485D64-75B5-49D8-97B4-E416B1DDD73F}.AppStore|x86.ActiveCfg = Release|x86
		{07485D64-75B5-49D8-97B4-E416B1DDD73F}.AppStore|x86.Build.0 = Release|x86
		{07485D64-75B5-49D8-97B4-E416B1DDD73F}.AppStore|x86.Deploy.0 = Release|x86
		{07485D64-75B5-49D8-97B4-E416B1DDD73F}.Debug|Any CPU.ActiveCfg = Debug|x86
		{07485D64-75B5-49D8-97B4-E416B1DDD73F}.Debug|ARM.ActiveCfg = Debug|ARM
		{07485D64-75B5-49D8-97B4-E416B1DDD73F}.Debug|ARM.Build.0 = Debug|ARM
		{07485D64-75B5-49D8-97B4-E416B1DDD73F}.Debug|ARM.Deploy.0 = Debug|ARM
		{07485D64-75B5-49D8-97B4-E416B1DDD73F}.Debug|iPhone.ActiveCfg = Debug|x86
		{07485D64-75B5-49D8-97B4-E416B1DDD73F}.Debug|iPhoneSimulator.ActiveCfg = Debug|x86
		{07485D64-75B5-49D8-97B4-E416B1DDD73F}.Debug|x64.ActiveCfg = Debug|x64
		{07485D64-75B5-49D8-97B4-E416B1DDD73F}.Debug|x64.Build.0 = Debug|x64
		{07485D64-75B5-49D8-97B4-E416B1DDD73F}.Debug|x64.Deploy.0 = Debug|x64
		{07485D64-75B5-49D8-97B4-E416B1DDD73F}.Debug|x86.ActiveCfg = Debug|x86
		{07485D64-75B5-49D8-97B4-E416B1DDD73F}.Debug|x86.Build.0 = Debug|x86
		{07485D64-75B5-49D8-97B4-E416B1DDD73F}.Debug|x86.Deploy.0 = Debug|x86
		{07485D64-75B5-49D8-97B4-E416B1DDD73F}.Release|Any CPU.ActiveCfg = Release|x86
		{07485D64-75B5-49D8-97B4-E416B1DDD73F}.Release|ARM.ActiveCfg = Release|ARM
		{07485D64-75B5-49D8-97B4-E416B1DDD73F}.Release|ARM.Build.0 = Release|ARM
		{07485D64-75B5-49D8-97B4-E416B1DDD73F}.Release|ARM.Deploy.0 = Release|ARM
		{07485D64-75B5-49D8-97B4-E416B1DDD73F}.Release|iPhone.ActiveCfg = Release|x86
		{07485D64-75B5-49D8-97B4-E416B1DDD73F}.Release|iPhoneSimulator.ActiveCfg = Release|x86
		{07485D64-75B5-49D8-97B4-E416B1DDD73F}.Release|x64.ActiveCfg = Release|x64
		{07485D64-75B5-49D8-97B4-E416B1DDD73F}.Release|x64.Build.0 = Release|x64
		{07485D64-75B5-49D8-97B4-E416B1DDD73F}.Release|x64.Deploy.0 = Release|x64
		{07485D64-75B5-49D8-97B4-E416B1DDD73F}.Release|x86.ActiveCfg = Release|x86
		{07485D64-75B5-49D8-97B4-E416B1DDD73F}.Release|x86.Build.0 = Release|x86
		{07485D64-75B5-49D8-97B4-E416B1DDD73F}.Release|x86.Deploy.0 = Release|x86
		{F189F088-82BD-4BE9-B4DE-401993FD1D57}.Ad-Hoc|Any CPU.ActiveCfg = Debug|Any CPU
		{F189F088-82BD-4BE9-B4DE-401993FD1D57}.Ad-Hoc|Any CPU.Build.0 = Debug|Any CPU
		{F189F088-82BD-4BE9-B4DE-401993FD1D57}.Ad-Hoc|ARM.ActiveCfg = Debug|Any CPU
		{F189F088-82BD-4BE9-B4DE-401993FD1D57}.Ad-Hoc|ARM.Build.0 = Debug|Any CPU
		{F189F088-82BD-4BE9-B4DE-401993FD1D57}.Ad-Hoc|iPhone.ActiveCfg = Debug|Any CPU
		{F189F088-82BD-4BE9-B4DE-401993FD1D57}.Ad-Hoc|iPhone.Build.0 = Debug|Any CPU
		{F189F088-82BD-4BE9-B4DE-401993FD1D57}.Ad-Hoc|iPhoneSimulator.ActiveCfg = Debug|Any CPU
		{F189F088-82BD-4BE9-B4DE-401993FD1D57}.Ad-Hoc|iPhoneSimulator.Build.0 = Debug|Any CPU
		{F189F088-82BD-4BE9-B4DE-401993FD1D57}.Ad-Hoc|x64.ActiveCfg = Debug|Any CPU
		{F189F088-82BD-4BE9-B4DE-401993FD1D57}.Ad-Hoc|x64.Build.0 = Debug|Any CPU
		{F189F088-82BD-4BE9-B4DE-401993FD1D57}.Ad-Hoc|x86.ActiveCfg = Debug|Any CPU
		{F189F088-82BD-4BE9-B4DE-401993FD1D57}.Ad-Hoc|x86.Build.0 = Debug|Any CPU
		{F189F088-82BD-4BE9-B4DE-401993FD1D57}.AppStore|Any CPU.ActiveCfg = Debug|Any CPU
		{F189F088-82BD-4BE9-B4DE-401993FD1D57}.AppStore|Any CPU.Build.0 = Debug|Any CPU
		{F189F088-82BD-4BE9-B4DE-401993FD1D57}.AppStore|ARM.ActiveCfg = Debug|Any CPU
		{F189F088-82BD-4BE9-B4DE-401993FD1D57}.AppStore|ARM.Build.0 = Debug|Any CPU
		{F189F088-82BD-4BE9-B4DE-401993FD1D57}.AppStore|iPhone.ActiveCfg = Debug|Any CPU
		{F189F088-82BD-4BE9-B4DE-401993FD1D57}.AppStore|iPhone.Build.0 = Debug|Any CPU
		{F189F088-82BD-4BE9-B4DE-401993FD1D57}.AppStore|iPhoneSimulator.ActiveCfg = Debug|Any CPU
		{F189F088-82BD-4BE9-B4DE-401993FD1D57}.AppStore|iPhoneSimulator.Build.0 = Debug|Any CPU
		{F189F088-82BD-4BE9-B4DE-401993FD1D57}.AppStore|x64.ActiveCfg = Debug|Any CPU
		{F189F088-82BD-4BE9-B4DE-401993FD1D57}.AppStore|x64.Build.0 = Debug|Any CPU
		{F189F088-82BD-4BE9-B4DE-401993FD1D57}.AppStore|x86.ActiveCfg = Debug|Any CPU
		{F189F088-82BD-4BE9-B4DE-401993FD1D57}.AppStore|x86.Build.0 = Debug|Any CPU
		{F189F088-82BD-4BE9-B4DE-401993FD1D57}.Debug|Any CPU.ActiveCfg = Debug|Any CPU
		{F189F088-82BD-4BE9-B4DE-401993FD1D57}.Debug|Any CPU.Build.0 = Debug|Any CPU
		{F189F088-82BD-4BE9-B4DE-401993FD1D57}.Debug|ARM.ActiveCfg = Debug|Any CPU
		{F189F088-82BD-4BE9-B4DE-401993FD1D57}.Debug|ARM.Build.0 = Debug|Any CPU
		{F189F088-82BD-4BE9-B4DE-401993FD1D57}.Debug|iPhone.ActiveCfg = Debug|Any CPU
		{F189F088-82BD-4BE9-B4DE-401993FD1D57}.Debug|iPhone.Build.0 = Debug|Any CPU
		{F189F088-82BD-4BE9-B4DE-401993FD1D57}.Debug|iPhoneSimulator.ActiveCfg = Debug|Any CPU
		{F189F088-82BD-4BE9-B4DE-401993FD1D57}.Debug|iPhoneSimulator.Build.0 = Debug|Any CPU
		{F189F088-82BD-4BE9-B4DE-401993FD1D57}.Debug|x64.ActiveCfg = Debug|Any CPU
		{F189F088-82BD-4BE9-B4DE-401993FD1D57}.Debug|x64.Build.0 = Debug|Any CPU
		{F189F088-82BD-4BE9-B4DE-401993FD1D57}.Debug|x86.ActiveCfg = Debug|Any CPU
		{F189F088-82BD-4BE9-B4DE-401993FD1D57}.Debug|x86.Build.0 = Debug|Any CPU
		{F189F088-82BD-4BE9-B4DE-401993FD1D57}.Release|Any CPU.ActiveCfg = Release|Any CPU
		{F189F088-82BD-4BE9-B4DE-401993FD1D57}.Release|Any CPU.Build.0 = Release|Any CPU
		{F189F088-82BD-4BE9-B4DE-401993FD1D57}.Release|ARM.ActiveCfg = Release|Any CPU
		{F189F088-82BD-4BE9-B4DE-401993FD1D57}.Release|ARM.Build.0 = Release|Any CPU
		{F189F088-82BD-4BE9-B4DE-401993FD1D57}.Release|iPhone.ActiveCfg = Release|Any CPU
		{F189F088-82BD-4BE9-B4DE-401993FD1D57}.Release|iPhone.Build.0 = Release|Any CPU
		{F189F088-82BD-4BE9-B4DE-401993FD1D57}.Release|iPhoneSimulator.ActiveCfg = Release|Any CPU
		{F189F088-82BD-4BE9-B4DE-401993FD1D57}.Release|iPhoneSimulator.Build.0 = Release|Any CPU
		{F189F088-82BD-4BE9-B4DE-401993FD1D57}.Release|x64.ActiveCfg = Release|Any CPU
		{F189F088-82BD-4BE9-B4DE-401993FD1D57}.Release|x64.Build.0 = Release|Any CPU
		{F189F088-82BD-4BE9-B4DE-401993FD1D57}.Release|x86.ActiveCfg = Release|Any CPU
		{F189F088-82BD-4BE9-B4DE-401993FD1D57}.Release|x86.Build.0 = Release|Any CPU
	EndGlobalSection
	GlobalSection(SolutionProperties) = preSolution
		HideSolutionNode = FALSE
	EndGlobalSection
	GlobalSection(ExtensibilityGlobals) = postSolution
		SolutionGuid = {9FDF8416-17F2-4B17-AFB4-7716E7C08468}
	EndGlobalSection
EndGlobal
